
Microsoft Visual Studio Solution File, Format Version 12.00
# Visual Studio Version 17
VisualStudioVersion = 17.0.31903.59
MinimumVisualStudioVersion = 10.0.40219.1
Project("{2150E333-8FDC-42A3-9474-1A3956D46DE8}") = "Services", "Services", "{757157D9-E36B-4C9D-A448-8200A002D017}"
EndProject
Project("{2150E333-8FDC-42A3-9474-1A3956D46DE8}") = "Catalog", "Catalog", "{426B2CE3-D680-4284-B32B-3B4EEE385BC7}"
EndProject
Project("{9A19103F-16F7-4668-BE54-9A1E7A4F7556}") = "Catalog.Api", "Services\Catalog\Catalog.Api\Catalog.Api.csproj", "{E87FED13-D7BC-4EB3-B80A-22EB89F29308}"
EndProject
Project("{9A19103F-16F7-4668-BE54-9A1E7A4F7556}") = "Catalog.Application", "Services\Catalog\Catalog.Application\Catalog.Application.csproj", "{1F66A277-3422-4A43-99CA-BA03A32C204F}"
EndProject
Project("{9A19103F-16F7-4668-BE54-9A1E7A4F7556}") = "Catalog.Core", "Services\Catalog\Catalog.Core\Catalog.Core.csproj", "{16F4B273-1385-403D-9C68-A519974DDF12}"
EndProject
Project("{9A19103F-16F7-4668-BE54-9A1E7A4F7556}") = "Catalog.Infrastructure", "Services\Catalog\Catalog.Infrastructure\Catalog.Infrastructure.csproj", "{0381D9F8-6207-4D21-B8B2-F328072AF639}"
EndProject
Project("{E53339B2-1760-4266-BCC7-CA923CBCF16C}") = "docker-compose", "docker-compose.dcproj", "{DA23A3AC-10BA-4203-BB38-3A060AC594D2}"
EndProject
Project("{2150E333-8FDC-42A3-9474-1A3956D46DE8}") = "Basket", "Basket", "{42974BBC-5CF7-41F0-A3C3-47E275F696FF}"
EndProject
Project("{9A19103F-16F7-4668-BE54-9A1E7A4F7556}") = "Basket.Application", "Services\Basket\Basket.Application\Basket.Application.csproj", "{90C406CF-537E-4960-92E0-EFA497859BB1}"
EndProject
Project("{9A19103F-16F7-4668-BE54-9A1E7A4F7556}") = "Basket.Core", "Services\Basket\Basket.Core\Basket.Core.csproj", "{91D9CED6-E763-4042-86C0-DF4CE01FFE47}"
EndProject
Project("{9A19103F-16F7-4668-BE54-9A1E7A4F7556}") = "Basket.Infrastructure", "Services\Basket\Basket.Infrastructure\Basket.Infrastructure.csproj", "{AAAD0E9A-EB11-46AD-96CA-BA665450A4BE}"
EndProject
Project("{9A19103F-16F7-4668-BE54-9A1E7A4F7556}") = "Basket.API", "Services\Basket\Basket.API\Basket.API.csproj", "{D0E34B66-00BF-43CA-B1CD-1112B3C9C420}"
EndProject
Project("{2150E333-8FDC-42A3-9474-1A3956D46DE8}") = "Discount", "Discount", "{5450DF41-8372-4280-B59A-D74B206A999D}"
EndProject
Project("{FAE04EC0-301F-11D3-BF4B-00C04F79EFBC}") = "Discount.API", "Services\Discount\Discount.API\Discount.API.csproj", "{4AD46E90-DCC0-4FBA-9058-78F8BE5A973A}"
EndProject
Project("{FAE04EC0-301F-11D3-BF4B-00C04F79EFBC}") = "Discount.Core", "Services\Discount\Discount.Core\Discount.Core.csproj", "{F4EF9A15-33F4-4A63-9457-539A13206856}"
EndProject
Project("{FAE04EC0-301F-11D3-BF4B-00C04F79EFBC}") = "Discount.Application", "Services\Discount\Discount.Application\Discount.Application.csproj", "{63D341F7-9138-4685-9142-54DA50B2C7E8}"
EndProject
Project("{FAE04EC0-301F-11D3-BF4B-00C04F79EFBC}") = "Discount.Infrastructure", "Services\Discount\Discount.Infrastructure\Discount.Infrastructure.csproj", "{C0F0F180-1DA8-4AE1-869E-AAE058A5BF3E}"
EndProject
Global
	GlobalSection(SolutionConfigurationPlatforms) = preSolution
		Debug|Any CPU = Debug|Any CPU
		Release|Any CPU = Release|Any CPU
	EndGlobalSection
	GlobalSection(ProjectConfigurationPlatforms) = postSolution
		{E87FED13-D7BC-4EB3-B80A-22EB89F29308}.Debug|Any CPU.ActiveCfg = Debug|Any CPU
		{E87FED13-D7BC-4EB3-B80A-22EB89F29308}.Debug|Any CPU.Build.0 = Debug|Any CPU
		{E87FED13-D7BC-4EB3-B80A-22EB89F29308}.Release|Any CPU.ActiveCfg = Release|Any CPU
		{E87FED13-D7BC-4EB3-B80A-22EB89F29308}.Release|Any CPU.Build.0 = Release|Any CPU
		{1F66A277-3422-4A43-99CA-BA03A32C204F}.Debug|Any CPU.ActiveCfg = Debug|Any CPU
		{1F66A277-3422-4A43-99CA-BA03A32C204F}.Debug|Any CPU.Build.0 = Debug|Any CPU
		{1F66A277-3422-4A43-99CA-BA03A32C204F}.Release|Any CPU.ActiveCfg = Release|Any CPU
		{1F66A277-3422-4A43-99CA-BA03A32C204F}.Release|Any CPU.Build.0 = Release|Any CPU
		{16F4B273-1385-403D-9C68-A519974DDF12}.Debug|Any CPU.ActiveCfg = Debug|Any CPU
		{16F4B273-1385-403D-9C68-A519974DDF12}.Debug|Any CPU.Build.0 = Debug|Any CPU
		{16F4B273-1385-403D-9C68-A519974DDF12}.Release|Any CPU.ActiveCfg = Release|Any CPU
		{16F4B273-1385-403D-9C68-A519974DDF12}.Release|Any CPU.Build.0 = Release|Any CPU
		{0381D9F8-6207-4D21-B8B2-F328072AF639}.Debug|Any CPU.ActiveCfg = Debug|Any CPU
		{0381D9F8-6207-4D21-B8B2-F328072AF639}.Debug|Any CPU.Build.0 = Debug|Any CPU
		{0381D9F8-6207-4D21-B8B2-F328072AF639}.Release|Any CPU.ActiveCfg = Release|Any CPU
		{0381D9F8-6207-4D21-B8B2-F328072AF639}.Release|Any CPU.Build.0 = Release|Any CPU
		{DA23A3AC-10BA-4203-BB38-3A060AC594D2}.Debug|Any CPU.ActiveCfg = Debug|Any CPU
		{DA23A3AC-10BA-4203-BB38-3A060AC594D2}.Debug|Any CPU.Build.0 = Debug|Any CPU
		{DA23A3AC-10BA-4203-BB38-3A060AC594D2}.Release|Any CPU.ActiveCfg = Release|Any CPU
		{DA23A3AC-10BA-4203-BB38-3A060AC594D2}.Release|Any CPU.Build.0 = Release|Any CPU
		{90C406CF-537E-4960-92E0-EFA497859BB1}.Debug|Any CPU.ActiveCfg = Debug|Any CPU
		{90C406CF-537E-4960-92E0-EFA497859BB1}.Debug|Any CPU.Build.0 = Debug|Any CPU
		{90C406CF-537E-4960-92E0-EFA497859BB1}.Release|Any CPU.ActiveCfg = Release|Any CPU
		{90C406CF-537E-4960-92E0-EFA497859BB1}.Release|Any CPU.Build.0 = Release|Any CPU
		{91D9CED6-E763-4042-86C0-DF4CE01FFE47}.Debug|Any CPU.ActiveCfg = Debug|Any CPU
		{91D9CED6-E763-4042-86C0-DF4CE01FFE47}.Debug|Any CPU.Build.0 = Debug|Any CPU
		{91D9CED6-E763-4042-86C0-DF4CE01FFE47}.Release|Any CPU.ActiveCfg = Release|Any CPU
		{91D9CED6-E763-4042-86C0-DF4CE01FFE47}.Release|Any CPU.Build.0 = Release|Any CPU
		{AAAD0E9A-EB11-46AD-96CA-BA665450A4BE}.Debug|Any CPU.ActiveCfg = Debug|Any CPU
		{AAAD0E9A-EB11-46AD-96CA-BA665450A4BE}.Debug|Any CPU.Build.0 = Debug|Any CPU
		{AAAD0E9A-EB11-46AD-96CA-BA665450A4BE}.Release|Any CPU.ActiveCfg = Release|Any CPU
		{AAAD0E9A-EB11-46AD-96CA-BA665450A4BE}.Release|Any CPU.Build.0 = Release|Any CPU
		{D0E34B66-00BF-43CA-B1CD-1112B3C9C420}.Debug|Any CPU.ActiveCfg = Debug|Any CPU
		{D0E34B66-00BF-43CA-B1CD-1112B3C9C420}.Debug|Any CPU.Build.0 = Debug|Any CPU
		{D0E34B66-00BF-43CA-B1CD-1112B3C9C420}.Release|Any CPU.ActiveCfg = Release|Any CPU
		{D0E34B66-00BF-43CA-B1CD-1112B3C9C420}.Release|Any CPU.Build.0 = Release|Any CPU
		{4AD46E90-DCC0-4FBA-9058-78F8BE5A973A}.Debug|Any CPU.ActiveCfg = Debug|Any CPU
		{4AD46E90-DCC0-4FBA-9058-78F8BE5A973A}.Debug|Any CPU.Build.0 = Debug|Any CPU
		{4AD46E90-DCC0-4FBA-9058-78F8BE5A973A}.Release|Any CPU.ActiveCfg = Release|Any CPU
		{4AD46E90-DCC0-4FBA-9058-78F8BE5A973A}.Release|Any CPU.Build.0 = Release|Any CPU
		{F4EF9A15-33F4-4A63-9457-539A13206856}.Debug|Any CPU.ActiveCfg = Debug|Any CPU
		{F4EF9A15-33F4-4A63-9457-539A13206856}.Debug|Any CPU.Build.0 = Debug|Any CPU
		{F4EF9A15-33F4-4A63-9457-539A13206856}.Release|Any CPU.ActiveCfg = Release|Any CPU
		{F4EF9A15-33F4-4A63-9457-539A13206856}.Release|Any CPU.Build.0 = Release|Any CPU
		{63D341F7-9138-4685-9142-54DA50B2C7E8}.Debug|Any CPU.ActiveCfg = Debug|Any CPU
		{63D341F7-9138-4685-9142-54DA50B2C7E8}.Debug|Any CPU.Build.0 = Debug|Any CPU
		{63D341F7-9138-4685-9142-54DA50B2C7E8}.Release|Any CPU.ActiveCfg = Release|Any CPU
		{63D341F7-9138-4685-9142-54DA50B2C7E8}.Release|Any CPU.Build.0 = Release|Any CPU
		{C0F0F180-1DA8-4AE1-869E-AAE058A5BF3E}.Debug|Any CPU.ActiveCfg = Debug|Any CPU
		{C0F0F180-1DA8-4AE1-869E-AAE058A5BF3E}.Debug|Any CPU.Build.0 = Debug|Any CPU
		{C0F0F180-1DA8-4AE1-869E-AAE058A5BF3E}.Release|Any CPU.ActiveCfg = Release|Any CPU
		{C0F0F180-1DA8-4AE1-869E-AAE058A5BF3E}.Release|Any CPU.Build.0 = Release|Any CPU
	EndGlobalSection
	GlobalSection(SolutionProperties) = preSolution
		HideSolutionNode = FALSE
	EndGlobalSection
	GlobalSection(NestedProjects) = preSolution
		{426B2CE3-D680-4284-B32B-3B4EEE385BC7} = {757157D9-E36B-4C9D-A448-8200A002D017}
		{E87FED13-D7BC-4EB3-B80A-22EB89F29308} = {426B2CE3-D680-4284-B32B-3B4EEE385BC7}
		{1F66A277-3422-4A43-99CA-BA03A32C204F} = {426B2CE3-D680-4284-B32B-3B4EEE385BC7}
		{16F4B273-1385-403D-9C68-A519974DDF12} = {426B2CE3-D680-4284-B32B-3B4EEE385BC7}
		{0381D9F8-6207-4D21-B8B2-F328072AF639} = {426B2CE3-D680-4284-B32B-3B4EEE385BC7}
		{42974BBC-5CF7-41F0-A3C3-47E275F696FF} = {757157D9-E36B-4C9D-A448-8200A002D017}
		{90C406CF-537E-4960-92E0-EFA497859BB1} = {42974BBC-5CF7-41F0-A3C3-47E275F696FF}
		{91D9CED6-E763-4042-86C0-DF4CE01FFE47} = {42974BBC-5CF7-41F0-A3C3-47E275F696FF}
		{AAAD0E9A-EB11-46AD-96CA-BA665450A4BE} = {42974BBC-5CF7-41F0-A3C3-47E275F696FF}
		{D0E34B66-00BF-43CA-B1CD-1112B3C9C420} = {42974BBC-5CF7-41F0-A3C3-47E275F696FF}
		{5450DF41-8372-4280-B59A-D74B206A999D} = {757157D9-E36B-4C9D-A448-8200A002D017}
		{4AD46E90-DCC0-4FBA-9058-78F8BE5A973A} = {5450DF41-8372-4280-B59A-D74B206A999D}
		{F4EF9A15-33F4-4A63-9457-539A13206856} = {5450DF41-8372-4280-B59A-D74B206A999D}
		{63D341F7-9138-4685-9142-54DA50B2C7E8} = {5450DF41-8372-4280-B59A-D74B206A999D}
		{C0F0F180-1DA8-4AE1-869E-AAE058A5BF3E} = {5450DF41-8372-4280-B59A-D74B206A999D}
	EndGlobalSection
	GlobalSection(ExtensibilityGlobals) = postSolution
		SolutionGuid = {573AB464-CC42-4B37-B548-9E241BE219A5}
	EndGlobalSection
EndGlobal
